
Microsoft Visual Studio Solution File, Format Version 12.00
# Visual Studio Version 17
VisualStudioVersion = 17.10.35013.160
MinimumVisualStudioVersion = 10.0.40219.1
Project("{FAE04EC0-301F-11D3-BF4B-00C04F79EFBC}") = "Assignment04OOP", "Assignment04OOP\Assignment04OOP.csproj", "{97471C5D-F0FE-4788-A1E5-84383FC3EF86}"
EndProject
Global
	GlobalSection(SolutionConfigurationPlatforms) = preSolution
		Debug|Any CPU = Debug|Any CPU
		Release|Any CPU = Release|Any CPU
	EndGlobalSection
	GlobalSection(ProjectConfigurationPlatforms) = postSolution
		{97471C5D-F0FE-4788-A1E5-84383FC3EF86}.Debug|Any CPU.ActiveCfg = Debug|Any CPU
		{97471C5D-F0FE-4788-A1E5-84383FC3EF86}.Debug|Any CPU.Build.0 = Debug|Any CPU
		{97471C5D-F0FE-4788-A1E5-84383FC3EF86}.Release|Any CPU.ActiveCfg = Release|Any CPU
		{97471C5D-F0FE-4788-A1E5-84383FC3EF86}.Release|Any CPU.Build.0 = Release|Any CPU
	EndGlobalSection
	GlobalSection(SolutionProperties) = preSolution
		HideSolutionNode = FALSE
	EndGlobalSection
	GlobalSection(ExtensibilityGlobals) = postSolution
		SolutionGuid = {D5A2757A-7056-416A-979F-120EDA25E19D}
	EndGlobalSection
EndGlobal
